
Microsoft Visual Studio Solution File, Format Version 12.00
# Visual Studio 15
VisualStudioVersion = 15.0.26730.16
MinimumVisualStudioVersion = 10.0.40219.1
Project("{FAE04EC0-301F-11D3-BF4B-00C04F79EFBC}") = "Bikers-Diary", "Bikers-Diary\Bikers-Diary.csproj", "{A1173A53-3EEF-48F2-AC57-234FDD84AE53}"
EndProject
Project("{FAE04EC0-301F-11D3-BF4B-00C04F79EFBC}") = "Bikers-Diary.Tests", "Bikers-Diary.Tests\Bikers-Diary.Tests.csproj", "{CAA84DD9-FD9F-4DB9-BD1E-C7207F97D617}"
EndProject
Project("{FAE04EC0-301F-11D3-BF4B-00C04F79EFBC}") = "Bikers-Diary.Data", "Bikers-Diary.Data\Bikers-Diary.Data.csproj", "{00D530FC-3710-4255-8993-C21C4084BC41}"
EndProject
Project("{FAE04EC0-301F-11D3-BF4B-00C04F79EFBC}") = "Bikers-Diary.Models", "Bikers-Diary.Models\Bikers-Diary.Models.csproj", "{98A548F6-928D-47F0-9A3F-7979BC4C88E3}"
EndProject
Global
	GlobalSection(SolutionConfigurationPlatforms) = preSolution
		Debug|Any CPU = Debug|Any CPU
		Release|Any CPU = Release|Any CPU
	EndGlobalSection
	GlobalSection(ProjectConfigurationPlatforms) = postSolution
		{A1173A53-3EEF-48F2-AC57-234FDD84AE53}.Debug|Any CPU.ActiveCfg = Debug|Any CPU
		{A1173A53-3EEF-48F2-AC57-234FDD84AE53}.Debug|Any CPU.Build.0 = Debug|Any CPU
		{A1173A53-3EEF-48F2-AC57-234FDD84AE53}.Release|Any CPU.ActiveCfg = Release|Any CPU
		{A1173A53-3EEF-48F2-AC57-234FDD84AE53}.Release|Any CPU.Build.0 = Release|Any CPU
		{CAA84DD9-FD9F-4DB9-BD1E-C7207F97D617}.Debug|Any CPU.ActiveCfg = Debug|Any CPU
		{CAA84DD9-FD9F-4DB9-BD1E-C7207F97D617}.Debug|Any CPU.Build.0 = Debug|Any CPU
		{CAA84DD9-FD9F-4DB9-BD1E-C7207F97D617}.Release|Any CPU.ActiveCfg = Release|Any CPU
		{CAA84DD9-FD9F-4DB9-BD1E-C7207F97D617}.Release|Any CPU.Build.0 = Release|Any CPU
		{00D530FC-3710-4255-8993-C21C4084BC41}.Debug|Any CPU.ActiveCfg = Debug|Any CPU
		{00D530FC-3710-4255-8993-C21C4084BC41}.Debug|Any CPU.Build.0 = Debug|Any CPU
		{00D530FC-3710-4255-8993-C21C4084BC41}.Release|Any CPU.ActiveCfg = Release|Any CPU
		{00D530FC-3710-4255-8993-C21C4084BC41}.Release|Any CPU.Build.0 = Release|Any CPU
		{98A548F6-928D-47F0-9A3F-7979BC4C88E3}.Debug|Any CPU.ActiveCfg = Debug|Any CPU
		{98A548F6-928D-47F0-9A3F-7979BC4C88E3}.Debug|Any CPU.Build.0 = Debug|Any CPU
		{98A548F6-928D-47F0-9A3F-7979BC4C88E3}.Release|Any CPU.ActiveCfg = Release|Any CPU
		{98A548F6-928D-47F0-9A3F-7979BC4C88E3}.Release|Any CPU.Build.0 = Release|Any CPU
	EndGlobalSection
	GlobalSection(SolutionProperties) = preSolution
		HideSolutionNode = FALSE
	EndGlobalSection
	GlobalSection(ExtensibilityGlobals) = postSolution
		SolutionGuid = {0451973B-BE10-4E9E-B16A-227E3D47B854}
	EndGlobalSection
EndGlobal
